
Microsoft Visual Studio Solution File, Format Version 12.00
# Visual Studio Version 16
VisualStudioVersion = 16.0.30204.135
MinimumVisualStudioVersion = 10.0.40219.1
Project("{FAE04EC0-301F-11D3-BF4B-00C04F79EFBC}") = "AvaloniaProject", "AvaloniaProject\AvaloniaProject.csproj", "{5CF48A48-123A-4E61-9801-F7DE3642BB6C}"
EndProject
Project("{9A19103F-16F7-4668-BE54-9A1E7A4F7556}") = "Moviewer.Styling", "MovieApp.Styling\Moviewer.Styling.csproj", "{FDC9DEF4-3636-424E-B53E-D1F781E74190}"
EndProject
Global
	GlobalSection(SolutionConfigurationPlatforms) = preSolution
		Debug|Any CPU = Debug|Any CPU
		Release|Any CPU = Release|Any CPU
	EndGlobalSection
	GlobalSection(ProjectConfigurationPlatforms) = postSolution
		{5CF48A48-123A-4E61-9801-F7DE3642BB6C}.Debug|Any CPU.ActiveCfg = Debug|Any CPU
		{5CF48A48-123A-4E61-9801-F7DE3642BB6C}.Debug|Any CPU.Build.0 = Debug|Any CPU
		{5CF48A48-123A-4E61-9801-F7DE3642BB6C}.Release|Any CPU.ActiveCfg = Release|Any CPU
		{5CF48A48-123A-4E61-9801-F7DE3642BB6C}.Release|Any CPU.Build.0 = Release|Any CPU
		{FDC9DEF4-3636-424E-B53E-D1F781E74190}.Debug|Any CPU.ActiveCfg = Debug|Any CPU
		{FDC9DEF4-3636-424E-B53E-D1F781E74190}.Debug|Any CPU.Build.0 = Debug|Any CPU
		{FDC9DEF4-3636-424E-B53E-D1F781E74190}.Release|Any CPU.ActiveCfg = Release|Any CPU
		{FDC9DEF4-3636-424E-B53E-D1F781E74190}.Release|Any CPU.Build.0 = Release|Any CPU
	EndGlobalSection
	GlobalSection(SolutionProperties) = preSolution
		HideSolutionNode = FALSE
	EndGlobalSection
	GlobalSection(ExtensibilityGlobals) = postSolution
		SolutionGuid = {DED97C29-8014-4CD7-A05F-47B2ACCE26AE}
	EndGlobalSection
EndGlobal
