
Microsoft Visual Studio Solution File, Format Version 12.00
# Visual Studio 15
VisualStudioVersion = 15.0.28307.489
MinimumVisualStudioVersion = 10.0.40219.1
Project("{FAE04EC0-301F-11D3-BF4B-00C04F79EFBC}") = "View", "SortingApp\View.csproj", "{A2BDBE3D-EFDE-4B1B-BD8B-03DFA3FE401C}"
EndProject
Project("{FAE04EC0-301F-11D3-BF4B-00C04F79EFBC}") = "BusinessLayer", "BusinessLayer\BusinessLayer.csproj", "{B672FB6C-605D-405D-A13C-F1CDD2C93752}"
EndProject
Project("{FAE04EC0-301F-11D3-BF4B-00C04F79EFBC}") = "ViewModel", "ViewModel\ViewModel.csproj", "{5128C802-CC1C-469F-A688-A6A0B96E34A7}"
EndProject
Global
	GlobalSection(SolutionConfigurationPlatforms) = preSolution
		Debug|Any CPU = Debug|Any CPU
		Release|Any CPU = Release|Any CPU
	EndGlobalSection
	GlobalSection(ProjectConfigurationPlatforms) = postSolution
		{A2BDBE3D-EFDE-4B1B-BD8B-03DFA3FE401C}.Debug|Any CPU.ActiveCfg = Debug|Any CPU
		{A2BDBE3D-EFDE-4B1B-BD8B-03DFA3FE401C}.Debug|Any CPU.Build.0 = Debug|Any CPU
		{A2BDBE3D-EFDE-4B1B-BD8B-03DFA3FE401C}.Release|Any CPU.ActiveCfg = Release|Any CPU
		{A2BDBE3D-EFDE-4B1B-BD8B-03DFA3FE401C}.Release|Any CPU.Build.0 = Release|Any CPU
		{B672FB6C-605D-405D-A13C-F1CDD2C93752}.Debug|Any CPU.ActiveCfg = Debug|Any CPU
		{B672FB6C-605D-405D-A13C-F1CDD2C93752}.Debug|Any CPU.Build.0 = Debug|Any CPU
		{B672FB6C-605D-405D-A13C-F1CDD2C93752}.Release|Any CPU.ActiveCfg = Release|Any CPU
		{B672FB6C-605D-405D-A13C-F1CDD2C93752}.Release|Any CPU.Build.0 = Release|Any CPU
		{5128C802-CC1C-469F-A688-A6A0B96E34A7}.Debug|Any CPU.ActiveCfg = Debug|Any CPU
		{5128C802-CC1C-469F-A688-A6A0B96E34A7}.Debug|Any CPU.Build.0 = Debug|Any CPU
		{5128C802-CC1C-469F-A688-A6A0B96E34A7}.Release|Any CPU.ActiveCfg = Release|Any CPU
		{5128C802-CC1C-469F-A688-A6A0B96E34A7}.Release|Any CPU.Build.0 = Release|Any CPU
	EndGlobalSection
	GlobalSection(SolutionProperties) = preSolution
		HideSolutionNode = FALSE
	EndGlobalSection
	GlobalSection(ExtensibilityGlobals) = postSolution
		SolutionGuid = {EBF6EDF1-97EA-4050-BEB2-FA5111EBC84D}
	EndGlobalSection
EndGlobal
